
Microsoft Visual Studio Solution File, Format Version 12.00
# Visual Studio 15
VisualStudioVersion = 15.0.27130.0
MinimumVisualStudioVersion = 10.0.40219.1
Project("{888888A0-9F3D-457C-B088-3A5042F75D52}") = "Flask_SQL_Alchemy", "Flask_SQL_Alchemy.pyproj", "{7212E145-2A5B-4D5A-A787-576EE444FDA7}"
EndProject
Global
	GlobalSection(SolutionConfigurationPlatforms) = preSolution
		Debug|Any CPU = Debug|Any CPU
		Release|Any CPU = Release|Any CPU
	EndGlobalSection
	GlobalSection(ProjectConfigurationPlatforms) = postSolution
		{7212E145-2A5B-4D5A-A787-576EE444FDA7}.Debug|Any CPU.ActiveCfg = Debug|Any CPU
		{7212E145-2A5B-4D5A-A787-576EE444FDA7}.Release|Any CPU.ActiveCfg = Release|Any CPU
	EndGlobalSection
	GlobalSection(SolutionProperties) = preSolution
		HideSolutionNode = FALSE
	EndGlobalSection
	GlobalSection(ExtensibilityGlobals) = postSolution
		SolutionGuid = {00860677-6AE6-4413-A574-16DFA91A2884}
	EndGlobalSection
EndGlobal
